
Microsoft Visual Studio Solution File, Format Version 12.00
# Visual Studio Version 17
VisualStudioVersion = 17.12.35707.178 d17.12
MinimumVisualStudioVersion = 10.0.40219.1
Project("{FAE04EC0-301F-11D3-BF4B-00C04F79EFBC}") = "OnlineLearningPlatform.Api", "OnlineLearningPlatform.Api\OnlineLearningPlatform.Api.csproj", "{BDBB1381-20AD-45CC-8CDF-F83145816BA4}"
EndProject
Project("{FAE04EC0-301F-11D3-BF4B-00C04F79EFBC}") = "OnlineLearningPlatform.Dal", "OnlineLearningPlatform.Dal\OnlineLearningPlatform.Dal.csproj", "{45A7CEF9-7C0A-4846-9047-4CCD50070AF5}"
EndProject
Project("{FAE04EC0-301F-11D3-BF4B-00C04F79EFBC}") = "OnlineLearningPlatform.Bll", "OnlineLearningPlatform.Bll\OnlineLearningPlatform.Bll.csproj", "{71A7C970-0D46-4104-8790-C559678CA04E}"
EndProject
Project("{FAE04EC0-301F-11D3-BF4B-00C04F79EFBC}") = "OnlineLearningPlatform.Repository", "OnlineLearningPlatform.Repository\OnlineLearningPlatform.Repository.csproj", "{9F2D741B-BC96-427B-AD94-3DF82FE15868}"
EndProject
Global
	GlobalSection(SolutionConfigurationPlatforms) = preSolution
		Debug|Any CPU = Debug|Any CPU
		Release|Any CPU = Release|Any CPU
	EndGlobalSection
	GlobalSection(ProjectConfigurationPlatforms) = postSolution
		{BDBB1381-20AD-45CC-8CDF-F83145816BA4}.Debug|Any CPU.ActiveCfg = Debug|Any CPU
		{BDBB1381-20AD-45CC-8CDF-F83145816BA4}.Debug|Any CPU.Build.0 = Debug|Any CPU
		{BDBB1381-20AD-45CC-8CDF-F83145816BA4}.Release|Any CPU.ActiveCfg = Release|Any CPU
		{BDBB1381-20AD-45CC-8CDF-F83145816BA4}.Release|Any CPU.Build.0 = Release|Any CPU
		{45A7CEF9-7C0A-4846-9047-4CCD50070AF5}.Debug|Any CPU.ActiveCfg = Debug|Any CPU
		{45A7CEF9-7C0A-4846-9047-4CCD50070AF5}.Debug|Any CPU.Build.0 = Debug|Any CPU
		{45A7CEF9-7C0A-4846-9047-4CCD50070AF5}.Release|Any CPU.ActiveCfg = Release|Any CPU
		{45A7CEF9-7C0A-4846-9047-4CCD50070AF5}.Release|Any CPU.Build.0 = Release|Any CPU
		{71A7C970-0D46-4104-8790-C559678CA04E}.Debug|Any CPU.ActiveCfg = Debug|Any CPU
		{71A7C970-0D46-4104-8790-C559678CA04E}.Debug|Any CPU.Build.0 = Debug|Any CPU
		{71A7C970-0D46-4104-8790-C559678CA04E}.Release|Any CPU.ActiveCfg = Release|Any CPU
		{71A7C970-0D46-4104-8790-C559678CA04E}.Release|Any CPU.Build.0 = Release|Any CPU
		{9F2D741B-BC96-427B-AD94-3DF82FE15868}.Debug|Any CPU.ActiveCfg = Debug|Any CPU
		{9F2D741B-BC96-427B-AD94-3DF82FE15868}.Debug|Any CPU.Build.0 = Debug|Any CPU
		{9F2D741B-BC96-427B-AD94-3DF82FE15868}.Release|Any CPU.ActiveCfg = Release|Any CPU
		{9F2D741B-BC96-427B-AD94-3DF82FE15868}.Release|Any CPU.Build.0 = Release|Any CPU
	EndGlobalSection
	GlobalSection(SolutionProperties) = preSolution
		HideSolutionNode = FALSE
	EndGlobalSection
EndGlobal
