
Microsoft Visual Studio Solution File, Format Version 12.00
# Visual Studio Version 17
VisualStudioVersion = 17.13.35825.156 d17.13
MinimumVisualStudioVersion = 10.0.40219.1
Project("{FAE04EC0-301F-11D3-BF4B-00C04F79EFBC}") = "BotLearnForExam", "BotLearnForExam\BotLearnForExam.csproj", "{4D7F2B0E-E6A4-415A-BB3D-93EA64BA6C12}"
EndProject
Project("{FAE04EC0-301F-11D3-BF4B-00C04F79EFBC}") = "BotLearnForExam.Dal", "BotLearnForExam.Dal\BotLearnForExam.Dal.csproj", "{FAA10C97-A3F8-4FAC-A42D-8B0B1055A85D}"
EndProject
Project("{FAE04EC0-301F-11D3-BF4B-00C04F79EFBC}") = "BotLearnForExam.Bll", "BotLearnForExam.Bll\BotLearnForExam.Bll.csproj", "{38013BB7-0877-4725-9A4E-2682597B4718}"
EndProject
Global
	GlobalSection(SolutionConfigurationPlatforms) = preSolution
		Debug|Any CPU = Debug|Any CPU
		Release|Any CPU = Release|Any CPU
	EndGlobalSection
	GlobalSection(ProjectConfigurationPlatforms) = postSolution
		{4D7F2B0E-E6A4-415A-BB3D-93EA64BA6C12}.Debug|Any CPU.ActiveCfg = Debug|Any CPU
		{4D7F2B0E-E6A4-415A-BB3D-93EA64BA6C12}.Debug|Any CPU.Build.0 = Debug|Any CPU
		{4D7F2B0E-E6A4-415A-BB3D-93EA64BA6C12}.Release|Any CPU.ActiveCfg = Release|Any CPU
		{4D7F2B0E-E6A4-415A-BB3D-93EA64BA6C12}.Release|Any CPU.Build.0 = Release|Any CPU
		{FAA10C97-A3F8-4FAC-A42D-8B0B1055A85D}.Debug|Any CPU.ActiveCfg = Debug|Any CPU
		{FAA10C97-A3F8-4FAC-A42D-8B0B1055A85D}.Debug|Any CPU.Build.0 = Debug|Any CPU
		{FAA10C97-A3F8-4FAC-A42D-8B0B1055A85D}.Release|Any CPU.ActiveCfg = Release|Any CPU
		{FAA10C97-A3F8-4FAC-A42D-8B0B1055A85D}.Release|Any CPU.Build.0 = Release|Any CPU
		{38013BB7-0877-4725-9A4E-2682597B4718}.Debug|Any CPU.ActiveCfg = Debug|Any CPU
		{38013BB7-0877-4725-9A4E-2682597B4718}.Debug|Any CPU.Build.0 = Debug|Any CPU
		{38013BB7-0877-4725-9A4E-2682597B4718}.Release|Any CPU.ActiveCfg = Release|Any CPU
		{38013BB7-0877-4725-9A4E-2682597B4718}.Release|Any CPU.Build.0 = Release|Any CPU
	EndGlobalSection
	GlobalSection(SolutionProperties) = preSolution
		HideSolutionNode = FALSE
	EndGlobalSection
	GlobalSection(ExtensibilityGlobals) = postSolution
		SolutionGuid = {D3D73898-896A-49E0-A394-B6A1E15EDA8B}
	EndGlobalSection
EndGlobal
